
Microsoft Visual Studio Solution File, Format Version 12.00
# Visual Studio Version 17
VisualStudioVersion = 17.4.33213.308
MinimumVisualStudioVersion = 10.0.40219.1
Project("{FAE04EC0-301F-11D3-BF4B-00C04F79EFBC}") = "Estadio.API", "Estadio.API\Estadio.API.csproj", "{E789A43B-0D11-4A74-A87D-85B048C5273A}"
EndProject
Project("{FAE04EC0-301F-11D3-BF4B-00C04F79EFBC}") = "Estadio.WEB", "Estadio.WEB\Estadio.WEB.csproj", "{C5C4FA20-EA81-4D83-B03F-9204D55410C1}"
EndProject
Project("{FAE04EC0-301F-11D3-BF4B-00C04F79EFBC}") = "Estadio.Shared", "Estadio.Shared\Estadio.Shared.csproj", "{3549FD0D-DD79-4D10-8567-8C8AE593B2D4}"
EndProject
Global
	GlobalSection(SolutionConfigurationPlatforms) = preSolution
		Debug|Any CPU = Debug|Any CPU
		Release|Any CPU = Release|Any CPU
	EndGlobalSection
	GlobalSection(ProjectConfigurationPlatforms) = postSolution
		{E789A43B-0D11-4A74-A87D-85B048C5273A}.Debug|Any CPU.ActiveCfg = Debug|Any CPU
		{E789A43B-0D11-4A74-A87D-85B048C5273A}.Debug|Any CPU.Build.0 = Debug|Any CPU
		{E789A43B-0D11-4A74-A87D-85B048C5273A}.Release|Any CPU.ActiveCfg = Release|Any CPU
		{E789A43B-0D11-4A74-A87D-85B048C5273A}.Release|Any CPU.Build.0 = Release|Any CPU
		{C5C4FA20-EA81-4D83-B03F-9204D55410C1}.Debug|Any CPU.ActiveCfg = Debug|Any CPU
		{C5C4FA20-EA81-4D83-B03F-9204D55410C1}.Debug|Any CPU.Build.0 = Debug|Any CPU
		{C5C4FA20-EA81-4D83-B03F-9204D55410C1}.Release|Any CPU.ActiveCfg = Release|Any CPU
		{C5C4FA20-EA81-4D83-B03F-9204D55410C1}.Release|Any CPU.Build.0 = Release|Any CPU
		{3549FD0D-DD79-4D10-8567-8C8AE593B2D4}.Debug|Any CPU.ActiveCfg = Debug|Any CPU
		{3549FD0D-DD79-4D10-8567-8C8AE593B2D4}.Debug|Any CPU.Build.0 = Debug|Any CPU
		{3549FD0D-DD79-4D10-8567-8C8AE593B2D4}.Release|Any CPU.ActiveCfg = Release|Any CPU
		{3549FD0D-DD79-4D10-8567-8C8AE593B2D4}.Release|Any CPU.Build.0 = Release|Any CPU
	EndGlobalSection
	GlobalSection(SolutionProperties) = preSolution
		HideSolutionNode = FALSE
	EndGlobalSection
	GlobalSection(ExtensibilityGlobals) = postSolution
		SolutionGuid = {CA42DE81-3C62-44C6-96A8-272661B48FA7}
	EndGlobalSection
EndGlobal
